PODS:
  - JSDebugger (0.1.0):
    - JSDebugger/no-arc (= 0.1.0)
  - JSDebugger/no-arc (0.1.0)

DEPENDENCIES:
  - JSDebugger (from `../`)

EXTERNAL SOURCES:
  JSDebugger:
    :path: ../

SPEC CHECKSUMS:
  JSDebugger: bb08522a58114f014ae779817d9ff9ec5283e735

PODFILE CHECKSUM: 2af29c4cf26aa230154c1a6d404fe181391e705f

COCOAPODS: 1.3.1
